// !$*UTF8*$!
{
	archiveVersion = 1;
	classes = {
	};
	objectVersion = 50;
	objects = {

/* Begin PBXBuildFile section */
		0C62884628D9DC8D006D33FA /* AppDelegate.swift in Sources */ = {isa = PBXBuildFile; fileRef = 0C62884528D9DC8D006D33FA /* AppDelegate.swift */; };
		0C62884828D9DC8D006D33FA /* SceneDelegate.swift in Sources */ = {isa = PBXBuildFile; fileRef = 0C62884728D9DC8D006D33FA /* SceneDelegate.swift */; };
		0C62884A28D9DC8D006D33FA /* ViewController.swift in Sources */ = {isa = PBXBuildFile; fileRef = 0C62884928D9DC8D006D33FA /* ViewController.swift */; };
		0C62884D28D9DC8D006D33FA /* Main.storyboard in Resources */ = {isa = PBXBuildFile; fileRef = 0C62884B28D9DC8D006D33FA /* Main.storyboard */; };
		0C62884F28D9DC8F006D33FA /* Assets.xcassets in Resources */ = {isa = PBXBuildFile; fileRef = 0C62884E28D9DC8F006D33FA /* Assets.xcassets */; };
		0C62885228D9DC8F006D33FA /* LaunchScreen.storyboard in Resources */ = {isa = PBXBuildFile; fileRef = 0C62885028D9DC8F006D33FA /* LaunchScreen.storyboard */; };
		0C62885D28D9DC8F006D33FA /* HackwichThreeTests.swift in Sources */ = {isa = PBXBuildFile; fileRef = 0C62885C28D9DC8F006D33FA /* HackwichThreeTests.swift */; };
		0C62886828D9DC8F006D33FA /* HackwichThreeUITests.swift in Sources */ = {isa = PBXBuildFile; fileRef = 0C62886728D9DC8F006D33FA /* HackwichThreeUITests.swift */; };
/* End PBXBuildFile section */

/* Begin PBXContainerItemProxy section */
		0C62885928D9DC8F006D33FA /* PBXContainerItemProxy */ = {
			isa = PBXContainerItemProxy;
			containerPortal = 0C62883A28D9DC8D006D33FA /* Project object */;
			proxyType = 1;
			remoteGlobalIDString = 0C62884128D9DC8D006D33FA;
			remoteInfo = HackwichThree;
		};
		0C62886428D9DC8F006D33FA /* PBXContainerItemProxy */ = {
			isa = PBXContainerItemProxy;
			containerPortal = 0C62883A28D9DC8D006D33FA /* Project object */;
			proxyType = 1;
			remoteGlobalIDString = 0C62884128D9DC8D006D33FA;
			remoteInfo = HackwichThree;
		};
/* End PBXContainerItemProxy section */

/* Begin PBXFileReference section */
		0C62884228D9DC8D006D33FA /* HackwichThree.app */ = {isa = PBXFileReference; explicitFileType = wrapper.application; includeInIndex = 0; path = HackwichThree.app; sourceTree = BUILT_PRODUCTS_DIR; };
		0C62884528D9DC8D006D33FA /* AppDelegate.swift */ = {isa = PBXFileReference; lastKnownFileType = sourcecode.swift; path = AppDelegate.swift; sourceTree = "<group>"; };
		0C62884728D9DC8D006D33FA /* SceneDelegate.swift */ = {isa = PBXFileReference; lastKnownFileType = sourcecode.swift; path = SceneDelegate.swift; sourceTree = "<group>"; };
		0C62884928D9DC8D006D33FA /* ViewController.swift */ = {isa = PBXFileReference; lastKnownFileType = sourcecode.swift; path = ViewController.swift; sourceTree = "<group>"; };
		0C62884C28D9DC8D006D33FA /* Base */ = {isa = PBXFileReference; lastKnownFileType = file.storyboard; name = Base; path = Base.lproj/Main.storyboard; sourceTree = "<group>"; };
		0C62884E28D9DC8F006D33FA /* Assets.xcassets */ = {isa = PBXFileReference; lastKnownFileType = folder.assetcatalog; path = Assets.xcassets; sourceTree = "<group>"; };
		0C62885128D9DC8F006D33FA /* Base */ = {isa = PBXFileReference; lastKnownFileType = file.storyboard; name = Base; path = Base.lproj/LaunchScreen.storyboard; sourceTree = "<group>"; };
		0C62885328D9DC8F006D33FA /* Info.plist */ = {isa = PBXFileReference; lastKnownFileType = text.plist.xml; path = Info.plist; sourceTree = "<group>"; };
		0C62885828D9DC8F006D33FA /* HackwichThreeTests.xctest */ = {isa = PBXFileReference; explicitFileType = wrapper.cfbundle; includeInIndex = 0; path = HackwichThreeTests.xctest; sourceTree = BUILT_PRODUCTS_DIR; };
		0C62885C28D9DC8F006D33FA /* HackwichThreeTests.swift */ = {isa = PBXFileReference; lastKnownFileType = sourcecode.swift; path = HackwichThreeTests.swift; sourceTree = "<group>"; };
		0C62885E28D9DC8F006D33FA /* Info.plist */ = {isa = PBXFileReference; lastKnownFileType = text.plist.xml; path = Info.plist; sourceTree = "<group>"; };
		0C62886328D9DC8F006D33FA /* HackwichThreeUITests.xctest */ = {isa = PBXFileReference; explicitFileType = wrapper.cfbundle; includeInIndex = 0; path = HackwichThreeUITests.xctest; sourceTree = BUILT_PRODUCTS_DIR; };
		0C62886728D9DC8F006D33FA /* HackwichThreeUITests.swift */ = {isa = PBXFileReference; lastKnownFileType = sourcecode.swift; path = HackwichThreeUITests.swift; sourceTree = "<group>"; };
		0C62886928D9DC8F006D33FA /* Info.plist */ = {isa = PBXFileReference; lastKnownFileType = text.plist.xml; path = Info.plist; sourceTree = "<group>"; };
/* End PBXFileReference section */

/* Begin PBXFrameworksBuildPhase section */
		0C62883F28D9DC8D006D33FA /* Frameworks */ = {
			isa = PBXFrameworksBuildPhase;
			buildActionMask = 2147483647;
			files = (
			);
			runOnlyForDeploymentPostprocessing = 0;
		};
		0C62885528D9DC8F006D33FA /* Frameworks */ = {
			isa = PBXFrameworksBuildPhase;
			buildActionMask = 2147483647;
			files = (
			);
			runOnlyForDeploymentPostprocessing = 0;
		};
		0C62886028D9DC8F006D33FA /* Frameworks */ = {
			isa = PBXFrameworksBuildPhase;
			buildActionMask = 2147483647;
			files = (
			);
			runOnlyForDeploymentPostprocessing = 0;
		};
/* End PBXFrameworksBuildPhase section */

/* Begin PBXGroup section */
		0C62883928D9DC8D006D33FA = {
			isa = PBXGroup;
			children = (
				0C62884428D9DC8D006D33FA /* HackwichThree */,
				0C62885B28D9DC8F006D33FA /* HackwichThreeTests */,
				0C62886628D9DC8F006D33FA /* HackwichThreeUITests */,
				0C62884328D9DC8D006D33FA /* Products */,
			);
			sourceTree = "<group>";
		};
		0C62884328D9DC8D006D33FA /* Products */ = {
			isa = PBXGroup;
			children = (
				0C62884228D9DC8D006D33FA /* HackwichThree.app */,
				0C62885828D9DC8F006D33FA /* HackwichThreeTests.xctest */,
				0C62886328D9DC8F006D33FA /* HackwichThreeUITests.xctest */,
			);
			name = Products;
			sourceTree = "<group>";
		};
		0C62884428D9DC8D006D33FA /* HackwichThree */ = {
			isa = PBXGroup;
			children = (
				0C62884528D9DC8D006D33FA /* AppDelegate.swift */,
				0C62884728D9DC8D006D33FA /* SceneDelegate.swift */,
				0C62884928D9DC8D006D33FA /* ViewController.swift */,
				0C62884B28D9DC8D006D33FA /* Main.storyboard */,
				0C62884E28D9DC8F006D33FA /* Assets.xcassets */,
				0C62885028D9DC8F006D33FA /* LaunchScreen.storyboard */,
				0C62885328D9DC8F006D33FA /* Info.plist */,
			);
			path = HackwichThree;
			sourceTree = "<group>";
		};
		0C62885B28D9DC8F006D33FA /* HackwichThreeTests */ = {
			isa = PBXGroup;
			children = (
				0C62885C28D9DC8F006D33FA /* HackwichThreeTests.swift */,
				0C62885E28D9DC8F006D33FA /* Info.plist */,
			);
			path = HackwichThreeTests;
			sourceTree = "<group>";
		};
		0C62886628D9DC8F006D33FA /* HackwichThreeUITests */ = {
			isa = PBXGroup;
			children = (
				0C62886728D9DC8F006D33FA /* HackwichThreeUITests.swift */,
				0C62886928D9DC8F006D33FA /* Info.plist */,
			);
			path = HackwichThreeUITests;
			sourceTree = "<group>";
		};
/* End PBXGroup section */

/* Begin PBXNativeTarget section */
		0C62884128D9DC8D006D33FA /* HackwichThree */ = {
			isa = PBXNativeTarget;
			buildConfigurationList = 0C62886C28D9DC8F006D33FA /* Build configuration list for PBXNativeTarget "HackwichThree" */;
			buildPhases = (
				0C62883E28D9DC8D006D33FA /* Sources */,
				0C62883F28D9DC8D006D33FA /* Frameworks */,
				0C62884028D9DC8D006D33FA /* Resources */,
			);
			buildRules = (
			);
			dependencies = (
			);
			name = HackwichThree;
			productName = HackwichThree;
			productReference = 0C62884228D9DC8D006D33FA /* HackwichThree.app */;
			productType = "com.apple.product-type.application";
		};
		0C62885728D9DC8F006D33FA /* HackwichThreeTests */ = {
			isa = PBXNativeTarget;
			buildConfigurationList = 0C62886F28D9DC8F006D33FA /* Build configuration list for PBXNativeTarget "HackwichThreeTests" */;
			buildPhases = (
				0C62885428D9DC8F006D33FA /* Sources */,
				0C62885528D9DC8F006D33FA /* Frameworks */,
				0C62885628D9DC8F006D33FA /* Resources */,
			);
			buildRules = (
			);
			dependencies = (
				0C62885A28D9DC8F006D33FA /* PBXTargetDependency */,
			);
			name = HackwichThreeTests;
			productName = HackwichThreeTests;
			productReference = 0C62885828D9DC8F006D33FA /* HackwichThreeTests.xctest */;
			productType = "com.apple.product-type.bundle.unit-test";
		};
		0C62886228D9DC8F006D33FA /* HackwichThreeUITests */ = {
			isa = PBXNativeTarget;
			buildConfigurationList = 0C62887228D9DC8F006D33FA /* Build configuration list for PBXNativeTarget "HackwichThreeUITests" */;
			buildPhases = (
				0C62885F28D9DC8F006D33FA /* Sources */,
				0C62886028D9DC8F006D33FA /* Frameworks */,
				0C62886128D9DC8F006D33FA /* Resources */,
			);
			buildRules = (
			);
			dependencies = (
				0C62886528D9DC8F006D33FA /* PBXTargetDependency */,
			);
			name = HackwichThreeUITests;
			productName = HackwichThreeUITests;
			productReference = 0C62886328D9DC8F006D33FA /* HackwichThreeUITests.xctest */;
			productType = "com.apple.product-type.bundle.ui-testing";
		};
/* End PBXNativeTarget section */

/* Begin PBXProject section */
		0C62883A28D9DC8D006D33FA /* Project object */ = {
			isa = PBXProject;
			attributes = {
				LastSwiftUpdateCheck = 1130;
				LastUpgradeCheck = 1130;
				ORGANIZATIONNAME = "Marilia Ledezma";
				TargetAttributes = {
					0C62884128D9DC8D006D33FA = {
						CreatedOnToolsVersion = 11.3.1;
					};
					0C62885728D9DC8F006D33FA = {
						CreatedOnToolsVersion = 11.3.1;
						TestTargetID = 0C62884128D9DC8D006D33FA;
					};
					0C62886228D9DC8F006D33FA = {
						CreatedOnToolsVersion = 11.3.1;
						TestTargetID = 0C62884128D9DC8D006D33FA;
					};
				};
			};
			buildConfigurationList = 0C62883D28D9DC8D006D33FA /* Build configuration list for PBXProject "HackwichThree" */;
			compatibilityVersion = "Xcode 9.3";
			developmentRegion = en;
			hasScannedForEncodings = 0;
			knownRegions = (
				en,
				Base,
			);
			mainGroup = 0C62883928D9DC8D006D33FA;
			productRefGroup = 0C62884328D9DC8D006D33FA /* Products */;
			projectDirPath = "";
			projectRoot = "";
			targets = (
				0C62884128D9DC8D006D33FA /* HackwichThree */,
				0C62885728D9DC8F006D33FA /* HackwichThreeTests */,
				0C62886228D9DC8F006D33FA /* HackwichThreeUITests */,
			);
		};
/* End PBXProject section */

/* Begin PBXResourcesBuildPhase section */
		0C62884028D9DC8D006D33FA /* Resources */ = {
			isa = PBXResourcesBuildPhase;
			buildActionMask = 2147483647;
			files = (
				0C62885228D9DC8F006D33FA /* LaunchScreen.storyboard in Resources */,
				0C62884F28D9DC8F006D33FA /* Assets.xcassets in Resources */,
				0C62884D28D9DC8D006D33FA /* Main.storyboard in Resources */,
			);
			runOnlyForDeploymentPostprocessing = 0;
		};
		0C62885628D9DC8F006D33FA /* Resources */ = {
			isa = PBXResourcesBuildPhase;
			buildActionMask = 2147483647;
			files = (
			);
			runOnlyForDeploymentPostprocessing = 0;
		};
		0C62886128D9DC8F006D33FA /* Resources */ = {
			isa = PBXResourcesBuildPhase;
			buildActionMask = 2147483647;
			files = (
			);
			runOnlyForDeploymentPostprocessing = 0;
		};
/* End PBXResourcesBuildPhase section */

/* Begin PBXSourcesBuildPhase section */
		0C62883E28D9DC8D006D33FA /* Sources */ = {
			isa = PBXSourcesBuildPhase;
			buildActionMask = 2147483647;
			files = (
				0C62884A28D9DC8D006D33FA /* ViewController.swift in Sources */,
				0C62884628D9DC8D006D33FA /* AppDelegate.swift in Sources */,
				0C62884828D9DC8D006D33FA /* SceneDelegate.swift in Sources */,
			);
			runOnlyForDeploymentPostprocessing = 0;
		};
		0C62885428D9DC8F006D33FA /* Sources */ = {
			isa = PBXSourcesBuildPhase;
			buildActionMask = 2147483647;
			files = (
				0C62885D28D9DC8F006D33FA /* HackwichThreeTests.swift in Sources */,
			);
			runOnlyForDeploymentPostprocessing = 0;
		};
		0C62885F28D9DC8F006D33FA /* Sources */ = {
			isa = PBXSourcesBuildPhase;
			buildActionMask = 2147483647;
			files = (
				0C62886828D9DC8F006D33FA /* HackwichThreeUITests.swift in Sources */,
			);
			runOnlyForDeploymentPostprocessing = 0;
		};
/* End PBXSourcesBuildPhase section */

/* Begin PBXTargetDependency section */
		0C62885A28D9DC8F006D33FA /* PBXTargetDependency */ = {
			isa = PBXTargetDependency;
			target = 0C62884128D9DC8D006D33FA /* HackwichThree */;
			targetProxy = 0C62885928D9DC8F006D33FA /* PBXContainerItemProxy */;
		};
		0C62886528D9DC8F006D33FA /* PBXTargetDependency */ = {
			isa = PBXTargetDependency;
			target = 0C62884128D9DC8D006D33FA /* HackwichThree */;
			targetProxy = 0C62886428D9DC8F006D33FA /* PBXContainerItemProxy */;
		};
/* End PBXTargetDependency section */

/* Begin PBXVariantGroup section */
		0C62884B28D9DC8D006D33FA /* Main.storyboard */ = {
			isa = PBXVariantGroup;
			children = (
				0C62884C28D9DC8D006D33FA /* Base */,
			);
			name = Main.storyboard;
			sourceTree = "<group>";
		};
		0C62885028D9DC8F006D33FA /* LaunchScreen.storyboard */ = {
			isa = PBXVariantGroup;
			children = (
				0C62885128D9DC8F006D33FA /* Base */,
			);
			name = LaunchScreen.storyboard;
			sourceTree = "<group>";
		};
/* End PBXVariantGroup section */

/* Begin XCBuildConfiguration section */
		0C62886A28D9DC8F006D33FA /* Debug */ = {
			isa = XCBuildConfiguration;
			buildSettings = {
				ALWAYS_SEARCH_USER_PATHS = NO;
				CLANG_ANALYZER_NONNULL = YES;
				CLANG_ANALYZER_NUMBER_OBJECT_CONVERSION = YES_AGGRESSIVE;
				CLANG_CXX_LANGUAGE_STANDARD = "gnu++14";
				CLANG_CXX_LIBRARY = "libc++";
				CLANG_ENABLE_MODULES = YES;
				CLANG_ENABLE_OBJC_ARC = YES;
				CLANG_ENABLE_OBJC_WEAK = YES;
				CLANG_WARN_BLOCK_CAPTURE_AUTORELEASING = YES;
				CLANG_WARN_BOOL_CONVERSION = YES;
				CLANG_WARN_COMMA = YES;
				CLANG_WARN_CONSTANT_CONVERSION = YES;
				CLANG_WARN_DEPRECATED_OBJC_IMPLEMENTATIONS = YES;
				CLANG_WARN_DIRECT_OBJC_ISA_USAGE = YES_ERROR;
				CLANG_WARN_DOCUMENTATION_COMMENTS = YES;
				CLANG_WARN_EMPTY_BODY = YES;
				CLANG_WARN_ENUM_CONVERSION = YES;
				CLANG_WARN_INFINITE_RECURSION = YES;
				CLANG_WARN_INT_CONVERSION = YES;
				CLANG_WARN_NON_LITERAL_NULL_CONVERSION = YES;
				CLANG_WARN_OBJC_IMPLICIT_RETAIN_SELF = YES;
				CLANG_WARN_OBJC_LITERAL_CONVERSION = YES;
				CLANG_WARN_OBJC_ROOT_CLASS = YES_ERROR;
				CLANG_WARN_RANGE_LOOP_ANALYSIS = YES;
				CLANG_WARN_STRICT_PROTOTYPES = YES;
				CLANG_WARN_SUSPICIOUS_MOVE = YES;
				CLANG_WARN_UNGUARDED_AVAILABILITY = YES_AGGRESSIVE;
				CLANG_WARN_UNREACHABLE_CODE = YES;
				CLANG_WARN__DUPLICATE_METHOD_MATCH = YES;
				COPY_PHASE_STRIP = NO;
				DEBUG_INFORMATION_FORMAT = dwarf;
				ENABLE_STRICT_OBJC_MSGSEND = YES;
				ENABLE_TESTABILITY = YES;
				GCC_C_LANGUAGE_STANDARD = gnu11;
				GCC_DYNAMIC_NO_PIC = NO;
				GCC_NO_COMMON_BLOCKS = YES;
				GCC_OPTIMIZATION_LEVEL = 0;
				GCC_PREPROCESSOR_DEFINITIONS = (
					"DEBUG=1",
					"$(inherited)",
				);
				GCC_WARN_64_TO_32_BIT_CONVERSION = YES;
				GCC_WARN_ABOUT_RETURN_TYPE = YES_ERROR;
				GCC_WARN_UNDECLARED_SELECTOR = YES;
				GCC_WARN_UNINITIALIZED_AUTOS = YES_AGGRESSIVE;
				GCC_WARN_UNUSED_FUNCTION = YES;
				GCC_WARN_UNUSED_VARIABLE = YES;
				IPHONEOS_DEPLOYMENT_TARGET = 13.2;
				MTL_ENABLE_DEBUG_INFO = INCLUDE_SOURCE;
				MTL_FAST_MATH = YES;
				ONLY_ACTIVE_ARCH = YES;
				SDKROOT = iphoneos;
				SWIFT_ACTIVE_COMPILATION_CONDITIONS = DEBUG;
				SWIFT_OPTIMIZATION_LEVEL = "-Onone";
			};
			name = Debug;
		};
		0C62886B28D9DC8F006D33FA /* Release */ = {
			isa = XCBuildConfiguration;
			buildSettings = {
				ALWAYS_SEARCH_USER_PATHS = NO;
				CLANG_ANALYZER_NONNULL = YES;
				CLANG_ANALYZER_NUMBER_OBJECT_CONVERSION = YES_AGGRESSIVE;
				CLANG_CXX_LANGUAGE_STANDARD = "gnu++14";
				CLANG_CXX_LIBRARY = "libc++";
				CLANG_ENABLE_MODULES = YES;
				CLANG_ENABLE_OBJC_ARC = YES;
				CLANG_ENABLE_OBJC_WEAK = YES;
				CLANG_WARN_BLOCK_CAPTURE_AUTORELEASING = YES;
				CLANG_WARN_BOOL_CONVERSION = YES;
				CLANG_WARN_COMMA = YES;
				CLANG_WARN_CONSTANT_CONVERSION = YES;
				CLANG_WARN_DEPRECATED_OBJC_IMPLEMENTATIONS = YES;
				CLANG_WARN_DIRECT_OBJC_ISA_USAGE = YES_ERROR;
				CLANG_WARN_DOCUMENTATION_COMMENTS = YES;
				CLANG_WARN_EMPTY_BODY = YES;
				CLANG_WARN_ENUM_CONVERSION = YES;
				CLANG_WARN_INFINITE_RECURSION = YES;
				CLANG_WARN_INT_CONVERSION = YES;
				CLANG_WARN_NON_LITERAL_NULL_CONVERSION = YES;
				CLANG_WARN_OBJC_IMPLICIT_RETAIN_SELF = YES;
				CLANG_WARN_OBJC_LITERAL_CONVERSION = YES;
				CLANG_WARN_OBJC_ROOT_CLASS = YES_ERROR;
				CLANG_WARN_RANGE_LOOP_ANALYSIS = YES;
				CLANG_WARN_STRICT_PROTOTYPES = YES;
				CLANG_WARN_SUSPICIOUS_MOVE = YES;
				CLANG_WARN_UNGUARDED_AVAILABILITY = YES_AGGRESSIVE;
				CLANG_WARN_UNREACHABLE_CODE = YES;
				CLANG_WARN__DUPLICATE_METHOD_MATCH = YES;
				COPY_PHASE_STRIP = NO;
				DEBUG_INFORMATION_FORMAT = "dwarf-with-dsym";
				ENABLE_NS_ASSERTIONS = NO;
				ENABLE_STRICT_OBJC_MSGSEND = YES;
				GCC_C_LANGUAGE_STANDARD = gnu11;
				GCC_NO_COMMON_BLOCKS = YES;
				GCC_WARN_64_TO_32_BIT_CONVERSION = YES;
				GCC_WARN_ABOUT_RETURN_TYPE = YES_ERROR;
				GCC_WARN_UNDECLARED_SELECTOR = YES;
				GCC_WARN_UNINITIALIZED_AUTOS = YES_AGGRESSIVE;
				GCC_WARN_UNUSED_FUNCTION = YES;
				GCC_WARN_UNUSED_VARIABLE = YES;
				IPHONEOS_DEPLOYMENT_TARGET = 13.2;
				MTL_ENABLE_DEBUG_INFO = NO;
				MTL_FAST_MATH = YES;
				SDKROOT = iphoneos;
				SWIFT_COMPILATION_MODE = wholemodule;
				SWIFT_OPTIMIZATION_LEVEL = "-O";
				VALIDATE_PRODUCT = YES;
			};
			name = Release;
		};
		0C62886D28D9DC8F006D33FA /* Debug */ = {
			isa = XCBuildConfiguration;
			buildSettings = {
				ASSETCATALOG_COMPILER_APPICON_NAME = AppIcon;
				CODE_SIGN_STYLE = Automatic;
				INFOPLIST_FILE = HackwichThree/Info.plist;
				LD_RUNPATH_SEARCH_PATHS = (
					"$(inherited)",
					"@executable_path/Frameworks",
				);
				PRODUCT_BUNDLE_IDENTIFIER = "UH-West-Oahu.HackwichThree";
				PRODUCT_NAME = "$(TARGET_NAME)";
				SWIFT_VERSION = 5.0;
				TARGETED_DEVICE_FAMILY = "1,2";
			};
			name = Debug;
		};
		0C62886E28D9DC8F006D33FA /* Release */ = {
			isa = XCBuildConfiguration;
			buildSettings = {
				ASSETCATALOG_COMPILER_APPICON_NAME = AppIcon;
				CODE_SIGN_STYLE = Automatic;
				INFOPLIST_FILE = HackwichThree/Info.plist;
				LD_RUNPATH_SEARCH_PATHS = (
					"$(inherited)",
					"@executable_path/Frameworks",
				);
				PRODUCT_BUNDLE_IDENTIFIER = "UH-West-Oahu.HackwichThree";
				PRODUCT_NAME = "$(TARGET_NAME)";
				SWIFT_VERSION = 5.0;
				TARGETED_DEVICE_FAMILY = "1,2";
			};
			name = Release;
		};
		0C62887028D9DC8F006D33FA /* Debug */ = {
			isa = XCBuildConfiguration;
			buildSettings = {
				ALWAYS_EMBED_SWIFT_STANDARD_LIBRARIES = YES;
				BUNDLE_LOADER = "$(TEST_HOST)";
				CODE_SIGN_STYLE = Automatic;
				INFOPLIST_FILE = HackwichThreeTests/Info.plist;
				IPHONEOS_DEPLOYMENT_TARGET = 13.2;
				LD_RUNPATH_SEARCH_PATHS = (
					"$(inherited)",
					"@executable_path/Frameworks",
					"@loader_path/Frameworks",
				);
				PRODUCT_BUNDLE_IDENTIFIER = "UH-West-Oahu.HackwichThreeTests";
				PRODUCT_NAME = "$(TARGET_NAME)";
				SWIFT_VERSION = 5.0;
				TARGETED_DEVICE_FAMILY = "1,2";
				TEST_HOST = "$(BUILT_PRODUCTS_DIR)/HackwichThree.app/HackwichThree";
			};
			name = Debug;
		};
		0C62887128D9DC8F006D33FA /* Release */ = {
			isa = XCBuildConfiguration;
			buildSettings = {
				ALWAYS_EMBED_SWIFT_STANDARD_LIBRARIES = YES;
				BUNDLE_LOADER = "$(TEST_HOST)";
				CODE_SIGN_STYLE = Automatic;
				INFOPLIST_FILE = HackwichThreeTests/Info.plist;
				IPHONEOS_DEPLOYMENT_TARGET = 13.2;
				LD_RUNPATH_SEARCH_PATHS = (
					"$(inherited)",
					"@executable_path/Frameworks",
					"@loader_path/Frameworks",
				);
				PRODUCT_BUNDLE_IDENTIFIER = "UH-West-Oahu.HackwichThreeTests";
				PRODUCT_NAME = "$(TARGET_NAME)";
				SWIFT_VERSION = 5.0;
				TARGETED_DEVICE_FAMILY = "1,2";
				TEST_HOST = "$(BUILT_PRODUCTS_DIR)/HackwichThree.app/HackwichThree";
			};
			name = Release;
		};
		0C62887328D9DC8F006D33FA /* Debug */ = {
			isa = XCBuildConfiguration;
			buildSettings = {
				ALWAYS_EMBED_SWIFT_STANDARD_LIBRARIES = YES;
				CODE_SIGN_STYLE = Automatic;
				INFOPLIST_FILE = HackwichThreeUITests/Info.plist;
				LD_RUNPATH_SEARCH_PATHS = (
					"$(inherited)",
					"@executable_path/Frameworks",
					"@loader_path/Frameworks",
				);
				PRODUCT_BUNDLE_IDENTIFIER = "UH-West-Oahu.HackwichThreeUITests";
				PRODUCT_NAME = "$(TARGET_NAME)";
				SWIFT_VERSION = 5.0;
				TARGETED_DEVICE_FAMILY = "1,2";
				TEST_TARGET_NAME = HackwichThree;
			};
			name = Debug;
		};
		0C62887428D9DC8F006D33FA /* Release */ = {
			isa = XCBuildConfiguration;
			buildSettings = {
				ALWAYS_EMBED_SWIFT_STANDARD_LIBRARIES = YES;
				CODE_SIGN_STYLE = Automatic;
				INFOPLIST_FILE = HackwichThreeUITests/Info.plist;
				LD_RUNPATH_SEARCH_PATHS = (
					"$(inherited)",
					"@executable_path/Frameworks",
					"@loader_path/Frameworks",
				);
				PRODUCT_BUNDLE_IDENTIFIER = "UH-West-Oahu.HackwichThreeUITests";
				PRODUCT_NAME = "$(TARGET_NAME)";
				SWIFT_VERSION = 5.0;
				TARGETED_DEVICE_FAMILY = "1,2";
				TEST_TARGET_NAME = HackwichThree;
			};
			name = Release;
		};
/* End XCBuildConfiguration section */

/* Begin XCConfigurationList section */
		0C62883D28D9DC8D006D33FA /* Build configuration list for PBXProject "HackwichThree" */ = {
			isa = XCConfigurationList;
			buildConfigurations = (
				0C62886A28D9DC8F006D33FA /* Debug */,
				0C62886B28D9DC8F006D33FA /* Release */,
			);
			defaultConfigurationIsVisible = 0;
			defaultConfigurationName = Release;
		};
		0C62886C28D9DC8F006D33FA /* Build configuration list for PBXNativeTarget "HackwichThree" */ = {
			isa = XCConfigurationList;
			buildConfigurations = (
				0C62886D28D9DC8F006D33FA /* Debug */,
				0C62886E28D9DC8F006D33FA /* Release */,
			);
			defaultConfigurationIsVisible = 0;
			defaultConfigurationName = Release;
		};
		0C62886F28D9DC8F006D33FA /* Build configuration list for PBXNativeTarget "HackwichThreeTests" */ = {
			isa = XCConfigurationList;
			buildConfigurations = (
				0C62887028D9DC8F006D33FA /* Debug */,
				0C62887128D9DC8F006D33FA /* Release */,
			);
			defaultConfigurationIsVisible = 0;
			defaultConfigurationName = Release;
		};
		0C62887228D9DC8F006D33FA /* Build configuration list for PBXNativeTarget "HackwichThreeUITests" */ = {
			isa = XCConfigurationList;
			buildConfigurations = (
				0C62887328D9DC8F006D33FA /* Debug */,
				0C62887428D9DC8F006D33FA /* Release */,
			);
			defaultConfigurationIsVisible = 0;
			defaultConfigurationName = Release;
		};
/* End XCConfigurationList section */
	};
	rootObject = 0C62883A28D9DC8D006D33FA /* Project object */;
}
